
Microsoft Visual Studio Solution File, Format Version 12.00
Project("{FAE04EC0-301F-11D3-BF4B-00C04F79EFBC}") = "mass-transit", "mass-transit\mass-transit.csproj", "{D1BD84E5-5BCA-410B-932D-5EE69FC38134}"
EndProject
Global
	GlobalSection(SolutionConfigurationPlatforms) = preSolution
		Debug|Any CPU = Debug|Any CPU
		Release|Any CPU = Release|Any CPU
	EndGlobalSection
	GlobalSection(ProjectConfigurationPlatforms) = postSolution
		{D1BD84E5-5BCA-410B-932D-5EE69FC38134}.Debug|Any CPU.ActiveCfg = Debug|Any CPU
		{D1BD84E5-5BCA-410B-932D-5EE69FC38134}.Debug|Any CPU.Build.0 = Debug|Any CPU
		{D1BD84E5-5BCA-410B-932D-5EE69FC38134}.Release|Any CPU.ActiveCfg = Release|Any CPU
		{D1BD84E5-5BCA-410B-932D-5EE69FC38134}.Release|Any CPU.Build.0 = Release|Any CPU
	EndGlobalSection
EndGlobal
